
Microsoft Visual Studio Solution File, Format Version 12.00
# Visual Studio Version 16
VisualStudioVersion = 16.0.30717.126
MinimumVisualStudioVersion = 10.0.40219.1
Project("{FAE04EC0-301F-11D3-BF4B-00C04F79EFBC}") = "WordCount", "WordCount\WordCount.csproj", "{AADA2D92-745E-4C74-AB6A-5F662A0F2C35}"
EndProject
Global
	GlobalSection(SolutionConfigurationPlatforms) = preSolution
		Debug|Any CPU = Debug|Any CPU
		Release|Any CPU = Release|Any CPU
	EndGlobalSection
	GlobalSection(ProjectConfigurationPlatforms) = postSolution
		{AADA2D92-745E-4C74-AB6A-5F662A0F2C35}.Debug|Any CPU.ActiveCfg = Debug|Any CPU
		{AADA2D92-745E-4C74-AB6A-5F662A0F2C35}.Debug|Any CPU.Build.0 = Debug|Any CPU
		{AADA2D92-745E-4C74-AB6A-5F662A0F2C35}.Release|Any CPU.ActiveCfg = Release|Any CPU
		{AADA2D92-745E-4C74-AB6A-5F662A0F2C35}.Release|Any CPU.Build.0 = Release|Any CPU
	EndGlobalSection
	GlobalSection(SolutionProperties) = preSolution
		HideSolutionNode = FALSE
	EndGlobalSection
	GlobalSection(ExtensibilityGlobals) = postSolution
		SolutionGuid = {8134EC2B-63BB-4F0D-963B-CB86C77E3249}
	EndGlobalSection
EndGlobal
